
Microsoft Visual Studio Solution File, Format Version 12.00
# Visual Studio 14
VisualStudioVersion = 14.0.25420.1
MinimumVisualStudioVersion = 10.0.40219.1
Project("{FAE04EC0-301F-11D3-BF4B-00C04F79EFBC}") = "1.WPF_HelloWorld", "1.WPF_HelloWorld\1.WPF_HelloWorld.csproj", "{7D366D80-FD5F-4531-958C-5DC1A0921660}"
EndProject
Project("{FAE04EC0-301F-11D3-BF4B-00C04F79EFBC}") = "2.WPF_Layout", "2.WPF_Layout\2.WPF_Layout.csproj", "{DD1245B0-29C5-4051-9C47-DEA3C8F2EB17}"
EndProject
Project("{FAE04EC0-301F-11D3-BF4B-00C04F79EFBC}") = "3.WPF_Binding", "3.WPF_Binding\3.WPF_Binding.csproj", "{0740F79A-D121-4D46-8817-E6F7F436BDF9}"
EndProject
Project("{FAE04EC0-301F-11D3-BF4B-00C04F79EFBC}") = "4.WPF_Property", "4.WPF_Property\4.WPF_Property.csproj", "{09716C9E-8D8F-43C7-86D3-02737DD723EE}"
EndProject
Project("{FAE04EC0-301F-11D3-BF4B-00C04F79EFBC}") = "5.WPF_Event", "5.WPF_Event\5.WPF_Event.csproj", "{FD0E1210-80C1-4C53-AB92-5A9833677A97}"
EndProject
Project("{FAE04EC0-301F-11D3-BF4B-00C04F79EFBC}") = "6.WPF_Command", "6.WPF_Command\6.WPF_Command.csproj", "{B3347E47-5A5A-4657-9868-8DB8023C0ED8}"
EndProject
Project("{FAE04EC0-301F-11D3-BF4B-00C04F79EFBC}") = "7.WPF_Resources", "7.WPF_Resources\7.WPF_Resources.csproj", "{3AB27A8D-DB18-4385-A1E5-DB4E08E8F454}"
EndProject
Project("{FAE04EC0-301F-11D3-BF4B-00C04F79EFBC}") = "8.WPF_Template", "8.WPF_Template\8.WPF_Template.csproj", "{C8661649-7C37-40B2-B5C2-0947A43B2A94}"
EndProject
Project("{FAE04EC0-301F-11D3-BF4B-00C04F79EFBC}") = "9.WPF_Style", "9.WPF_Style\9.WPF_Style.csproj", "{8B6C2F7E-0E87-4A93-B255-369E8D293079}"
EndProject
Project("{2150E333-8FDC-42A3-9474-1A3956D46DE8}") = "Examples", "Examples", "{1E4122B8-C651-4AA6-8542-B643763FE94E}"
	ProjectSection(SolutionItems) = preProject
		Examples\WPF 倒计时+震动 示例_8416821.zip = Examples\WPF 倒计时+震动 示例_8416821.zip
		Examples\WPF3D切换例子_TimeZoneDaemonApp(3D)_8408869.zip = Examples\WPF3D切换例子_TimeZoneDaemonApp(3D)_8408869.zip
		Examples\WPF_嵌入字体_EmbeddedFont_8408883.zip = Examples\WPF_嵌入字体_EmbeddedFont_8408883.zip
		Examples\WPF不规则按钮_8416707.zip = Examples\WPF不规则按钮_8416707.zip
		Examples\WPF仿QQ关闭源码_8408891.7z = Examples\WPF仿QQ关闭源码_8408891.7z
		Examples\WPF仿QQ抖动窗体效果_8416717.zip = Examples\WPF仿QQ抖动窗体效果_8416717.zip
		Examples\WPF呼吸闪烁效果例子_8434069.7z = Examples\WPF呼吸闪烁效果例子_8434069.7z
		Examples\WPF多线程演示_8318163.rar = Examples\WPF多线程演示_8318163.rar
		Examples\WPF实现超酷样式按钮_8318169.rar = Examples\WPF实现超酷样式按钮_8318169.rar
		Examples\WPF拖拽缩放等例子UIOperationDemo_8416813.zip = Examples\WPF拖拽缩放等例子UIOperationDemo_8416813.zip
		Examples\WPF摄影系统完整例子[按钮、浏览、菜单、样式]_8434083.zip = Examples\WPF摄影系统完整例子[按钮、浏览、菜单、样式]_8434083.zip
		Examples\WPF窗体缩放源码_8416751.zip = Examples\WPF窗体缩放源码_8416751.zip
		Examples\wpf经典教程_6011075.pdf = Examples\wpf经典教程_6011075.pdf
		Examples\WPF自定义图片按钮[ImageButtonWPF]_8434065.zip = Examples\WPF自定义图片按钮[ImageButtonWPF]_8434065.zip
		Examples\WPF自定义控件开发Sample_8039293.zip = Examples\WPF自定义控件开发Sample_8039293.zip
		Examples\WPF高仿360卫士9.0界面设计_8409055.zip = Examples\WPF高仿360卫士9.0界面设计_8409055.zip
	EndProjectSection
EndProject
Project("{FAE04EC0-301F-11D3-BF4B-00C04F79EFBC}") = "WPF_Example", "WPF_Example\WPF_Example.csproj", "{579CB91C-B9A7-4A1B-8279-E955E88B109D}"
EndProject
Global
	GlobalSection(SolutionConfigurationPlatforms) = preSolution
		Debug|Any CPU = Debug|Any CPU
		Release|Any CPU = Release|Any CPU
	EndGlobalSection
	GlobalSection(ProjectConfigurationPlatforms) = postSolution
		{7D366D80-FD5F-4531-958C-5DC1A0921660}.Debug|Any CPU.ActiveCfg = Debug|Any CPU
		{7D366D80-FD5F-4531-958C-5DC1A0921660}.Debug|Any CPU.Build.0 = Debug|Any CPU
		{7D366D80-FD5F-4531-958C-5DC1A0921660}.Release|Any CPU.ActiveCfg = Release|Any CPU
		{7D366D80-FD5F-4531-958C-5DC1A0921660}.Release|Any CPU.Build.0 = Release|Any CPU
		{DD1245B0-29C5-4051-9C47-DEA3C8F2EB17}.Debug|Any CPU.ActiveCfg = Debug|Any CPU
		{DD1245B0-29C5-4051-9C47-DEA3C8F2EB17}.Debug|Any CPU.Build.0 = Debug|Any CPU
		{DD1245B0-29C5-4051-9C47-DEA3C8F2EB17}.Release|Any CPU.ActiveCfg = Release|Any CPU
		{DD1245B0-29C5-4051-9C47-DEA3C8F2EB17}.Release|Any CPU.Build.0 = Release|Any CPU
		{0740F79A-D121-4D46-8817-E6F7F436BDF9}.Debug|Any CPU.ActiveCfg = Debug|Any CPU
		{0740F79A-D121-4D46-8817-E6F7F436BDF9}.Debug|Any CPU.Build.0 = Debug|Any CPU
		{0740F79A-D121-4D46-8817-E6F7F436BDF9}.Release|Any CPU.ActiveCfg = Release|Any CPU
		{0740F79A-D121-4D46-8817-E6F7F436BDF9}.Release|Any CPU.Build.0 = Release|Any CPU
		{09716C9E-8D8F-43C7-86D3-02737DD723EE}.Debug|Any CPU.ActiveCfg = Debug|Any CPU
		{09716C9E-8D8F-43C7-86D3-02737DD723EE}.Debug|Any CPU.Build.0 = Debug|Any CPU
		{09716C9E-8D8F-43C7-86D3-02737DD723EE}.Release|Any CPU.ActiveCfg = Release|Any CPU
		{09716C9E-8D8F-43C7-86D3-02737DD723EE}.Release|Any CPU.Build.0 = Release|Any CPU
		{FD0E1210-80C1-4C53-AB92-5A9833677A97}.Debug|Any CPU.ActiveCfg = Debug|Any CPU
		{FD0E1210-80C1-4C53-AB92-5A9833677A97}.Debug|Any CPU.Build.0 = Debug|Any CPU
		{FD0E1210-80C1-4C53-AB92-5A9833677A97}.Release|Any CPU.ActiveCfg = Release|Any CPU
		{FD0E1210-80C1-4C53-AB92-5A9833677A97}.Release|Any CPU.Build.0 = Release|Any CPU
		{B3347E47-5A5A-4657-9868-8DB8023C0ED8}.Debug|Any CPU.ActiveCfg = Debug|Any CPU
		{B3347E47-5A5A-4657-9868-8DB8023C0ED8}.Debug|Any CPU.Build.0 = Debug|Any CPU
		{B3347E47-5A5A-4657-9868-8DB8023C0ED8}.Release|Any CPU.ActiveCfg = Release|Any CPU
		{B3347E47-5A5A-4657-9868-8DB8023C0ED8}.Release|Any CPU.Build.0 = Release|Any CPU
		{3AB27A8D-DB18-4385-A1E5-DB4E08E8F454}.Debug|Any CPU.ActiveCfg = Debug|Any CPU
		{3AB27A8D-DB18-4385-A1E5-DB4E08E8F454}.Debug|Any CPU.Build.0 = Debug|Any CPU
		{3AB27A8D-DB18-4385-A1E5-DB4E08E8F454}.Release|Any CPU.ActiveCfg = Release|Any CPU
		{3AB27A8D-DB18-4385-A1E5-DB4E08E8F454}.Release|Any CPU.Build.0 = Release|Any CPU
		{C8661649-7C37-40B2-B5C2-0947A43B2A94}.Debug|Any CPU.ActiveCfg = Debug|Any CPU
		{C8661649-7C37-40B2-B5C2-0947A43B2A94}.Debug|Any CPU.Build.0 = Debug|Any CPU
		{C8661649-7C37-40B2-B5C2-0947A43B2A94}.Release|Any CPU.ActiveCfg = Release|Any CPU
		{C8661649-7C37-40B2-B5C2-0947A43B2A94}.Release|Any CPU.Build.0 = Release|Any CPU
		{8B6C2F7E-0E87-4A93-B255-369E8D293079}.Debug|Any CPU.ActiveCfg = Debug|Any CPU
		{8B6C2F7E-0E87-4A93-B255-369E8D293079}.Debug|Any CPU.Build.0 = Debug|Any CPU
		{8B6C2F7E-0E87-4A93-B255-369E8D293079}.Release|Any CPU.ActiveCfg = Release|Any CPU
		{8B6C2F7E-0E87-4A93-B255-369E8D293079}.Release|Any CPU.Build.0 = Release|Any CPU
		{579CB91C-B9A7-4A1B-8279-E955E88B109D}.Debug|Any CPU.ActiveCfg = Debug|Any CPU
		{579CB91C-B9A7-4A1B-8279-E955E88B109D}.Debug|Any CPU.Build.0 = Debug|Any CPU
		{579CB91C-B9A7-4A1B-8279-E955E88B109D}.Release|Any CPU.ActiveCfg = Release|Any CPU
		{579CB91C-B9A7-4A1B-8279-E955E88B109D}.Release|Any CPU.Build.0 = Release|Any CPU
	EndGlobalSection
	GlobalSection(SolutionProperties) = preSolution
		HideSolutionNode = FALSE
	EndGlobalSection
EndGlobal
